
Microsoft Visual Studio Solution File, Format Version 12.00
# Visual Studio Version 16
VisualStudioVersion = 16.0.29025.244
MinimumVisualStudioVersion = 10.0.40219.1
Project("{9A19103F-16F7-4668-BE54-9A1E7A4F7556}") = "ExerciseApi", "ExerciseApi.csproj", "{0A3229BD-EC58-4182-A4DE-A5F8D41BE422}"
EndProject
Project("{9A19103F-16F7-4668-BE54-9A1E7A4F7556}") = "ExerciseApiTest", "..\ExerciseApiTest\ExerciseApiTest.csproj", "{33F1925F-897B-4212-8E44-561B5069F54C}"
EndProject
Global
	GlobalSection(SolutionConfigurationPlatforms) = preSolution
		Debug|Any CPU = Debug|Any CPU
		Release|Any CPU = Release|Any CPU
	EndGlobalSection
	GlobalSection(ProjectConfigurationPlatforms) = postSolution
		{0A3229BD-EC58-4182-A4DE-A5F8D41BE422}.Debug|Any CPU.ActiveCfg = Debug|Any CPU
		{0A3229BD-EC58-4182-A4DE-A5F8D41BE422}.Debug|Any CPU.Build.0 = Debug|Any CPU
		{0A3229BD-EC58-4182-A4DE-A5F8D41BE422}.Release|Any CPU.ActiveCfg = Release|Any CPU
		{0A3229BD-EC58-4182-A4DE-A5F8D41BE422}.Release|Any CPU.Build.0 = Release|Any CPU
		{33F1925F-897B-4212-8E44-561B5069F54C}.Debug|Any CPU.ActiveCfg = Debug|Any CPU
		{33F1925F-897B-4212-8E44-561B5069F54C}.Debug|Any CPU.Build.0 = Debug|Any CPU
		{33F1925F-897B-4212-8E44-561B5069F54C}.Release|Any CPU.ActiveCfg = Release|Any CPU
		{33F1925F-897B-4212-8E44-561B5069F54C}.Release|Any CPU.Build.0 = Release|Any CPU
	EndGlobalSection
	GlobalSection(SolutionProperties) = preSolution
		HideSolutionNode = FALSE
	EndGlobalSection
	GlobalSection(ExtensibilityGlobals) = postSolution
		SolutionGuid = {165C77D6-36BC-4643-8399-E4F5A6C8E402}
	EndGlobalSection
EndGlobal
